github.com/BurntSushi/freetype-go v0.0.0-20160129220410-b763ddbfe298 h1:1qlsVAQJXZHsaM8b6OLVo6muQUQd4CwkH/D3fnnbHXA=
github.com/BurntSushi/freetype-go v0.0.0-20160129220410-b763ddbfe298/go.mod h1:D+QujdIlUNfa0igpNMk6UIvlb6C252URs4yupRUV4lQ=
github.com/BurntSushi/graphics-go v0.0.0-20160129215708-b43f31a4a966 h1:lTG4HQym5oPKjL7nGs+csTgiDna685ZXjxijkne828g=
github.com/BurntSushi/graphics-go v0.0.0-20160129215708-b43f31a4a966/go.mod h1:Mid70uvE93zn9wgF92A/r5ixgnvX8Lh68fxp9KQBaI0=
github.com/BurntSushi/wingo v0.0.0-20201011141536-30b336cbb88d h1:MupQNZ4ipAD1PGufHvoo2/vy7OUltAPO7emPUhfsA4w=
github.com/BurntSushi/wingo v0.0.0-20201011141536-30b336cbb88d/go.mod h1:e2lh8PQfy/EJrYz/KdnweCNmU4RperhK4vQ9b2uzAIE=
github.com/BurntSushi/xdg v0.0.0-20130804141135-e80d3446fea1 h1:wm6oM17JoxfyN6IuKH8r3bU7Q2DjYRADJWgSHNfUXiY=
github.com/BurntSushi/xdg v0.0.0-20130804141135-e80d3446fea1/go.mod h1:GTqQ4bvL7tTmcOwcZ3VVzwjWulHgjD2uamy76yuySp0=
github.com/BurntSushi/xgb v0.0.0-20201008132610-5f9e7b3c49cd h1:u7K2oMFMd8APDV3fM1j2rO3U/XJf1g1qC3DDTKou8iM=
github.com/BurntSushi/xgb v0.0.0-20201008132610-5f9e7b3c49cd/go.mod h1:IVnqGOEym/WlBOVXweHU+Q+/VP0lqqI8lqeDx9IjBqo=
github.com/BurntSushi/xgbutil v0.0.0-20190907113008-ad855c713046 h1:O/r2Sj+8QcMF7V5IcmiE2sMFV2q3J47BEirxbXJAdzA=
github.com/BurntSushi/xgbutil v0.0.0-20190907113008-ad855c713046/go.mod h1:uw9h2sd4WWHOPdJ13MQpwK5qYWKYDumDqxWWIknEQ+k=
github.com/str1ngs/ansi v0.0.0-20140224183525-5dc1bc5ac1f5 h1:U+UvQ6r9f8+UJGlNFbSRT8joWRl4dsDU6jUeLN4Ni+I=
github.com/str1ngs/ansi v0.0.0-20140224183525-5dc1bc5ac1f5/go.mod h1:PTAhc07Ym/1r3ExOzEjP0Uzix6okE8SRkzTth6hBjiE=
github.com/tw4452852/twwm v0.0.0-20190212050927-38237aafc950 h1:s8Y5QjxCTF85KhBP/EUZgb2EWMzDG787EiFkd4d9I7s=
github.com/tw4452852/twwm v0.0.0-20190212050927-38237aafc950/go.mod h1:dJjrXa3uLSV7zJal8lEnwWCpm/VZFPGJs/OGctKQyWA=
golang.org/x/image v0.0.0-20200927104501-e162460cd6b5 h1:QelT11PB4FXiDEXucrfNckHoFxwt8USGY1ajP1ZF5lM=
golang.org/x/image v0.0.0-20200927104501-e162460cd6b5/go.mod h1:FeLwcggjj3mMvU+oOTbSwawSJRM1uh48EjtB4UJZlP0=
golang.org/x/text v0.3.0/go.mod h1:NqM8EUOU14njkJ3fqMW+pc6Ldnwhi/IjpwHt7yyuwOQ=
